#MicroXplorer Configuration settings - do not modify
ADC1.Channel-0\#ChannelRegularConversion=ADC_CHANNEL_9
ADC1.IPParameters=Rank-0\#ChannelRegularConversion,Channel-0\#ChannelRegularConversion,SamplingTime-0\#ChannelRegularConversion,NbrOfConversionFlag,master
ADC1.NbrOfConversionFlag=1
ADC1.Rank-0\#ChannelRegularConversion=1
ADC1.SamplingTime-0\#ChannelRegularConversion=ADC_SAMPLETIME_1CYCLE_5
ADC1.master=1
File.Version=6
KeepUserPlacement=false
Mcu.Family=STM32F1
Mcu.IP0=ADC1
Mcu.IP1=NVIC
Mcu.IP2=RCC
Mcu.IP3=USB
Mcu.IPNb=4
Mcu.Name=STM32F103T(8-B)Ux
Mcu.Package=VFQFPN36
Mcu.Pin0=PA6
Mcu.Pin1=PA7
Mcu.Pin10=PB4
Mcu.Pin11=PB6
Mcu.Pin12=PB7
Mcu.Pin2=PB0
Mcu.Pin3=PB1
Mcu.Pin4=PA8
Mcu.Pin5=PA9
Mcu.Pin6=PA11
Mcu.Pin7=PA12
Mcu.Pin8=PA13
Mcu.Pin9=PA14
Mcu.PinsNb=13
Mcu.UserConstants=
Mcu.UserName=STM32F103T8Ux
MxCube.Version=4.20.1
MxDb.Version=DB.4.0.200
NVIC.BusFault_IRQn=true\:0\:0\:false\:false\:true
NVIC.DebugMonitor_IRQn=true\:0\:0\:false\:false\:true
NVIC.HardFault_IRQn=true\:0\:0\:false\:false\:true
NVIC.MemoryManagement_IRQn=true\:0\:0\:false\:false\:true
NVIC.NonMaskableInt_IRQn=true\:0\:0\:false\:false\:true
NVIC.PendSV_IRQn=true\:0\:0\:false\:false\:true
NVIC.PriorityGroup=NVIC_PRIORITYGROUP_4
NVIC.SVCall_IRQn=true\:0\:0\:false\:false\:true
NVIC.SysTick_IRQn=true\:0\:0\:false\:false\:true
NVIC.UsageFault_IRQn=true\:0\:0\:false\:false\:true
PA11.Locked=true
PA11.Mode=Device
PA11.Signal=USB_DM
PA12.Mode=Device
PA12.Signal=USB_DP
PA13.Locked=true
PA13.Signal=SYS_JTMS-SWDIO
PA14.Locked=true
PA14.Signal=SYS_JTCK-SWCLK
PA6.Locked=true
PA6.Signal=GPIO_Input
PA7.Locked=true
PA7.Signal=GPIO_Input
PA8.Locked=true
PA8.Signal=GPIO_Output
PA9.Locked=true
PA9.Signal=GPIO_Input
PB0.Locked=true
PB0.Signal=GPIO_Output
PB1.Locked=true
PB1.Signal=ADCx_IN9
PB4.Locked=true
PB4.Signal=GPIO_Output
PB6.Locked=true
PB6.Signal=I2C1_SCL
PB7.Locked=true
PB7.Signal=I2C1_SDA
PCC.Checker=false
PCC.Line=STM32F103
PCC.MCU=STM32F103T(8-B)Ux
PCC.MXVersion=4.20.1
PCC.PartNumber=STM32F103T8Ux
PCC.Seq0=0
PCC.Series=STM32F1
PCC.Temperature=25
PCC.Vdd=3.3
RCC.APB1Freq_Value=8000000
RCC.APB2Freq_Value=8000000
RCC.FamilyName=M
RCC.IPParameters=APB1Freq_Value,APB2Freq_Value,FamilyName,PLLCLKFreq_Value,PLLMCOFreq_Value,PLLSourceVirtualString,TimSysFreq_Value
RCC.PLLCLKFreq_Value=8000000
RCC.PLLMCOFreq_Value=4000000
RCC.PLLSourceVirtualString=RCC_PLLSOURCE_HSI_DIV2
RCC.TimSysFreq_Value=8000000
SH.ADCx_IN9.0=ADC1_IN9,IN9
SH.ADCx_IN9.ConfNb=1
